{
  "name": "@kobecan/git-agent",
  "version": "1.0.1",
  "lockfileVersion": 1,
  "requires": true,
  "dependencies": {
    "arg": {
      "version": "5.0.1",
      "resolved": "https://registry.nlark.com/arg/download/arg-5.0.1.tgz",
      "integrity": "sha1-6wyaj3d4bK0q+P8rhiiZhC17ats="
    },
    "dotenv": {
      "version": "10.0.0",
      "resolved": "https://registry.nlark.com/dotenv/download/dotenv-10.0.0.tgz?cache=0&sync_timestamp=1621627076012&other_urls=https%3A%2F%2Fregistry.nlark.com%2Fdotenv%2Fdownload%2Fdotenv-10.0.0.tgz",
      "integrity": "sha1-PUInuPuV+BCWzdK2ZlP7LHCFuoE="
    }
  }
}
